
Microsoft Visual Studio Solution File, Format Version 12.00
# Visual Studio Version 17
VisualStudioVersion = 17.7.34221.43
MinimumVisualStudioVersion = 10.0.40219.1
Project("{9A19103F-16F7-4668-BE54-9A1E7A4F7556}") = "ASPTask1", "ASPTask1\ASPTask1.csproj", "{6227E467-1B0F-4343-A9A7-87B64F93810D}"
EndProject
Global
	GlobalSection(SolutionConfigurationPlatforms) = preSolution
		Debug|Any CPU = Debug|Any CPU
		Release|Any CPU = Release|Any CPU
	EndGlobalSection
	GlobalSection(ProjectConfigurationPlatforms) = postSolution
		{6227E467-1B0F-4343-A9A7-87B64F93810D}.Debug|Any CPU.ActiveCfg = Debug|Any CPU
		{6227E467-1B0F-4343-A9A7-87B64F93810D}.Debug|Any CPU.Build.0 = Debug|Any CPU
		{6227E467-1B0F-4343-A9A7-87B64F93810D}.Release|Any CPU.ActiveCfg = Release|Any CPU
		{6227E467-1B0F-4343-A9A7-87B64F93810D}.Release|Any CPU.Build.0 = Release|Any CPU
	EndGlobalSection
	GlobalSection(SolutionProperties) = preSolution
		HideSolutionNode = FALSE
	EndGlobalSection
	GlobalSection(ExtensibilityGlobals) = postSolution
		SolutionGuid = {77EBB29F-35BD-4A6A-B18B-BEBFD6929ABA}
	EndGlobalSection
EndGlobal
